
Microsoft Visual Studio Solution File, Format Version 12.00
# Visual Studio Version 17
VisualStudioVersion = 17.2.32414.248
MinimumVisualStudioVersion = 10.0.40219.1
Project("{9A19103F-16F7-4668-BE54-9A1E7A4F7556}") = "ECommons", "ECommons\ECommons.csproj", "{96659C70-8A8B-49E6-9AB4-DAE48CB55826}"
EndProject
Global
	GlobalSection(SolutionConfigurationPlatforms) = preSolution
		Debug|Any CPU = Debug|Any CPU
		Release|Any CPU = Release|Any CPU
	EndGlobalSection
	GlobalSection(ProjectConfigurationPlatforms) = postSolution
		{96659C70-8A8B-49E6-9AB4-DAE48CB55826}.Debug|Any CPU.ActiveCfg = Debug|x64
		{96659C70-8A8B-49E6-9AB4-DAE48CB55826}.Debug|Any CPU.Build.0 = Debug|x64
		{96659C70-8A8B-49E6-9AB4-DAE48CB55826}.Release|Any CPU.ActiveCfg = Release|x64
		{96659C70-8A8B-49E6-9AB4-DAE48CB55826}.Release|Any CPU.Build.0 = Release|x64
	EndGlobalSection
	GlobalSection(SolutionProperties) = preSolution
		HideSolutionNode = FALSE
	EndGlobalSection
	GlobalSection(ExtensibilityGlobals) = postSolution
		SolutionGuid = {508CD94E-4841-4EBF-B848-72965E7FF9B1}
	EndGlobalSection
EndGlobal
