
Microsoft Visual Studio Solution File, Format Version 12.00
# Visual Studio Version 17
VisualStudioVersion = 17.1.32421.90
MinimumVisualStudioVersion = 10.0.40219.1
Project("{9A19103F-16F7-4668-BE54-9A1E7A4F7556}") = "Artisan", "Artisan\Artisan.csproj", "{13C812E9-0D42-4B95-8646-40EEBF30636F}"
EndProject
Project("{2150E333-8FDC-42A3-9474-1A3956D46DE8}") = "Solution Items", "Solution Items", "{16B18EC1-C0BF-44CB-AC04-67E740E2580F}"
	ProjectSection(SolutionItems) = preProject
		.editorconfig = .editorconfig
		ClickLib\ClickLib.sln = ClickLib\ClickLib.sln
	EndProjectSection
EndProject
Project("{9A19103F-16F7-4668-BE54-9A1E7A4F7556}") = "ECommons", "ECommons\ECommons\ECommons.csproj", "{F6BDC376-868D-488C-A180-830B344EDC34}"
EndProject
Project("{9A19103F-16F7-4668-BE54-9A1E7A4F7556}") = "PunishLib", "PunishLib\PunishLib\PunishLib.csproj", "{E5D45810-C52E-4DE1-B208-D8FAD50CF3FF}"
EndProject
Project("{9A19103F-16F7-4668-BE54-9A1E7A4F7556}") = "OtterGui", "OtterGui\OtterGui.csproj", "{589C6804-D586-479F-85E8-42BD952DC588}"
EndProject
Project("{9A19103F-16F7-4668-BE54-9A1E7A4F7556}") = "DemoScripts", "DemoScripts\DemoScripts.csproj", "{8DB66EBD-4D73-4991-9D2F-DA57C7D2BCE4}"
EndProject
Global
	GlobalSection(SolutionConfigurationPlatforms) = preSolution
		Debug|Any CPU = Debug|Any CPU
		Debug|x64 = Debug|x64
		Release|Any CPU = Release|Any CPU
		Release|x64 = Release|x64
	EndGlobalSection
	GlobalSection(ProjectConfigurationPlatforms) = postSolution
		{13C812E9-0D42-4B95-8646-40EEBF30636F}.Debug|Any CPU.ActiveCfg = Debug|x64
		{13C812E9-0D42-4B95-8646-40EEBF30636F}.Debug|Any CPU.Build.0 = Debug|x64
		{13C812E9-0D42-4B95-8646-40EEBF30636F}.Debug|x64.ActiveCfg = Debug|x64
		{13C812E9-0D42-4B95-8646-40EEBF30636F}.Debug|x64.Build.0 = Debug|x64
		{13C812E9-0D42-4B95-8646-40EEBF30636F}.Release|Any CPU.ActiveCfg = Release|x64
		{13C812E9-0D42-4B95-8646-40EEBF30636F}.Release|Any CPU.Build.0 = Release|x64
		{13C812E9-0D42-4B95-8646-40EEBF30636F}.Release|x64.ActiveCfg = Release|x64
		{13C812E9-0D42-4B95-8646-40EEBF30636F}.Release|x64.Build.0 = Release|x64
		{F6BDC376-868D-488C-A180-830B344EDC34}.Debug|Any CPU.ActiveCfg = Debug|x64
		{F6BDC376-868D-488C-A180-830B344EDC34}.Debug|Any CPU.Build.0 = Debug|x64
		{F6BDC376-868D-488C-A180-830B344EDC34}.Debug|x64.ActiveCfg = Debug|x64
		{F6BDC376-868D-488C-A180-830B344EDC34}.Debug|x64.Build.0 = Debug|x64
		{F6BDC376-868D-488C-A180-830B344EDC34}.Release|Any CPU.ActiveCfg = Release|x64
		{F6BDC376-868D-488C-A180-830B344EDC34}.Release|Any CPU.Build.0 = Release|x64
		{F6BDC376-868D-488C-A180-830B344EDC34}.Release|x64.ActiveCfg = Release|x64
		{F6BDC376-868D-488C-A180-830B344EDC34}.Release|x64.Build.0 = Release|x64
		{E5D45810-C52E-4DE1-B208-D8FAD50CF3FF}.Debug|Any CPU.ActiveCfg = Debug|x64
		{E5D45810-C52E-4DE1-B208-D8FAD50CF3FF}.Debug|Any CPU.Build.0 = Debug|x64
		{E5D45810-C52E-4DE1-B208-D8FAD50CF3FF}.Debug|x64.ActiveCfg = Debug|x64
		{E5D45810-C52E-4DE1-B208-D8FAD50CF3FF}.Debug|x64.Build.0 = Debug|x64
		{E5D45810-C52E-4DE1-B208-D8FAD50CF3FF}.Release|Any CPU.ActiveCfg = Release|x64
		{E5D45810-C52E-4DE1-B208-D8FAD50CF3FF}.Release|Any CPU.Build.0 = Release|x64
		{E5D45810-C52E-4DE1-B208-D8FAD50CF3FF}.Release|x64.ActiveCfg = Release|x64
		{E5D45810-C52E-4DE1-B208-D8FAD50CF3FF}.Release|x64.Build.0 = Release|x64
		{589C6804-D586-479F-85E8-42BD952DC588}.Debug|Any CPU.ActiveCfg = Debug|x64
		{589C6804-D586-479F-85E8-42BD952DC588}.Debug|Any CPU.Build.0 = Debug|x64
		{589C6804-D586-479F-85E8-42BD952DC588}.Debug|x64.ActiveCfg = Debug|x64
		{589C6804-D586-479F-85E8-42BD952DC588}.Debug|x64.Build.0 = Debug|x64
		{589C6804-D586-479F-85E8-42BD952DC588}.Release|Any CPU.ActiveCfg = Release|x64
		{589C6804-D586-479F-85E8-42BD952DC588}.Release|Any CPU.Build.0 = Release|x64
		{589C6804-D586-479F-85E8-42BD952DC588}.Release|x64.ActiveCfg = Release|x64
		{589C6804-D586-479F-85E8-42BD952DC588}.Release|x64.Build.0 = Release|x64
		{8DB66EBD-4D73-4991-9D2F-DA57C7D2BCE4}.Debug|Any CPU.ActiveCfg = Debug|Any CPU
		{8DB66EBD-4D73-4991-9D2F-DA57C7D2BCE4}.Debug|Any CPU.Build.0 = Debug|Any CPU
		{8DB66EBD-4D73-4991-9D2F-DA57C7D2BCE4}.Debug|x64.ActiveCfg = Debug|Any CPU
		{8DB66EBD-4D73-4991-9D2F-DA57C7D2BCE4}.Debug|x64.Build.0 = Debug|Any CPU
		{8DB66EBD-4D73-4991-9D2F-DA57C7D2BCE4}.Release|Any CPU.ActiveCfg = Release|Any CPU
		{8DB66EBD-4D73-4991-9D2F-DA57C7D2BCE4}.Release|Any CPU.Build.0 = Release|Any CPU
		{8DB66EBD-4D73-4991-9D2F-DA57C7D2BCE4}.Release|x64.ActiveCfg = Release|Any CPU
		{8DB66EBD-4D73-4991-9D2F-DA57C7D2BCE4}.Release|x64.Build.0 = Release|Any CPU
	EndGlobalSection
	GlobalSection(SolutionProperties) = preSolution
		HideSolutionNode = FALSE
	EndGlobalSection
	GlobalSection(ExtensibilityGlobals) = postSolution
		SolutionGuid = {B17E85B1-5F60-4440-9F9A-3DDE877E8CDF}
	EndGlobalSection
EndGlobal
