
Microsoft Visual Studio Solution File, Format Version 12.00
# Visual Studio Version 17
VisualStudioVersion = 17.0.31423.177
MinimumVisualStudioVersion = 10.0.40219.1
Project("{9A19103F-16F7-4668-BE54-9A1E7A4F7556}") = "ClickLib", "ClickLib\ClickLib.csproj", "{AFF928B6-D7FA-4B32-B4F0-C24AD7C4D69F}"
EndProject
Project("{9A19103F-16F7-4668-BE54-9A1E7A4F7556}") = "FFXIVClientStructs", "lib\FFXIVClientStructs\FFXIVClientStructs\FFXIVClientStructs.csproj", "{31F8CED1-CB8D-44A9-BD51-636D382CE5C8}"
EndProject
Project("{9A19103F-16F7-4668-BE54-9A1E7A4F7556}") = "FFXIVClientStructs.Generators", "lib\FFXIVClientStructs\FFXIVClientStructs.Generators\FFXIVClientStructs.Generators.csproj", "{A7B3D692-F24F-4C2C-867F-6961BEEE429E}"
EndProject
Project("{2150E333-8FDC-42A3-9474-1A3956D46DE8}") = "Solution Items", "Solution Items", "{61536333-B867-41A5-B06E-5A5B60FCF41D}"
	ProjectSection(SolutionItems) = preProject
		.editorconfig = .editorconfig
		.gitignore = .gitignore
		README.md = README.md
	EndProjectSection
EndProject
Global
	GlobalSection(SolutionConfigurationPlatforms) = preSolution
		Debug|Any CPU = Debug|Any CPU
		Release|Any CPU = Release|Any CPU
	EndGlobalSection
	GlobalSection(ProjectConfigurationPlatforms) = postSolution
		{AFF928B6-D7FA-4B32-B4F0-C24AD7C4D69F}.Debug|Any CPU.ActiveCfg = Debug|x64
		{AFF928B6-D7FA-4B32-B4F0-C24AD7C4D69F}.Debug|Any CPU.Build.0 = Debug|x64
		{AFF928B6-D7FA-4B32-B4F0-C24AD7C4D69F}.Release|Any CPU.ActiveCfg = Release|Any CPU
		{AFF928B6-D7FA-4B32-B4F0-C24AD7C4D69F}.Release|Any CPU.Build.0 = Release|Any CPU
		{31F8CED1-CB8D-44A9-BD51-636D382CE5C8}.Debug|Any CPU.ActiveCfg = Debug|Any CPU
		{31F8CED1-CB8D-44A9-BD51-636D382CE5C8}.Debug|Any CPU.Build.0 = Debug|Any CPU
		{31F8CED1-CB8D-44A9-BD51-636D382CE5C8}.Release|Any CPU.ActiveCfg = Release|Any CPU
		{31F8CED1-CB8D-44A9-BD51-636D382CE5C8}.Release|Any CPU.Build.0 = Release|Any CPU
		{A7B3D692-F24F-4C2C-867F-6961BEEE429E}.Debug|Any CPU.ActiveCfg = Debug|Any CPU
		{A7B3D692-F24F-4C2C-867F-6961BEEE429E}.Debug|Any CPU.Build.0 = Debug|Any CPU
		{A7B3D692-F24F-4C2C-867F-6961BEEE429E}.Release|Any CPU.ActiveCfg = Release|Any CPU
		{A7B3D692-F24F-4C2C-867F-6961BEEE429E}.Release|Any CPU.Build.0 = Release|Any CPU
	EndGlobalSection
	GlobalSection(SolutionProperties) = preSolution
		HideSolutionNode = FALSE
	EndGlobalSection
	GlobalSection(ExtensibilityGlobals) = postSolution
		SolutionGuid = {5445B5AC-A530-4094-9FBC-38085DF34E16}
	EndGlobalSection
EndGlobal
